
Microsoft Visual Studio Solution File, Format Version 12.00
# Visual Studio Version 17
VisualStudioVersion = 17.4.33213.308
MinimumVisualStudioVersion = 10.0.40219.1
Project("{FAE04EC0-301F-11D3-BF4B-00C04F79EFBC}") = "classe_istanza", "classe_istanza\classe_istanza.csproj", "{3961B10F-314B-4068-8D96-36C3225EBBB2}"
EndProject
Global
	GlobalSection(SolutionConfigurationPlatforms) = preSolution
		Debug|Any CPU = Debug|Any CPU
		Release|Any CPU = Release|Any CPU
	EndGlobalSection
	GlobalSection(ProjectConfigurationPlatforms) = postSolution
		{3961B10F-314B-4068-8D96-36C3225EBBB2}.Debug|Any CPU.ActiveCfg = Debug|Any CPU
		{3961B10F-314B-4068-8D96-36C3225EBBB2}.Debug|Any CPU.Build.0 = Debug|Any CPU
		{3961B10F-314B-4068-8D96-36C3225EBBB2}.Release|Any CPU.ActiveCfg = Release|Any CPU
		{3961B10F-314B-4068-8D96-36C3225EBBB2}.Release|Any CPU.Build.0 = Release|Any CPU
	EndGlobalSection
	GlobalSection(SolutionProperties) = preSolution
		HideSolutionNode = FALSE
	EndGlobalSection
	GlobalSection(ExtensibilityGlobals) = postSolution
		SolutionGuid = {A00C92DF-0F99-465E-8C24-9A0DB96FD55F}
	EndGlobalSection
EndGlobal
